{
  "name": "js",
  "lockfileVersion": 2,
  "requires": true,
  "packages": {
    "": {
      "dependencies": {
        "chart.js": "^3.2.1"
      }
    },
    "node_modules/chart.js": {
      "version": "3.2.1",
      "resolved": "https://registry.npmjs.org/chart.js/-/chart.js-3.2.1.tgz",
      "integrity": "sha512-XsNDf3854RGZkLCt+5vWAXGAtUdKP2nhfikLGZqud6G4CvRE2ts64TIxTTfspOin2kEZvPgomE29E6oU02dYjQ=="
    }
  },
  "dependencies": {
    "chart.js": {
      "version": "3.2.1",
      "resolved": "https://registry.npmjs.org/chart.js/-/chart.js-3.2.1.tgz",
      "integrity": "sha512-XsNDf3854RGZkLCt+5vWAXGAtUdKP2nhfikLGZqud6G4CvRE2ts64TIxTTfspOin2kEZvPgomE29E6oU02dYjQ=="
    }
  }
}
